lockfileVersion: '9.0'

settings:
  autoInstallPeers: true
  excludeLinksFromLockfile: false

importers:

  .:
    dependencies:
      '@aws-sdk/credential-provider-node':
        specifier: ^3.600.0
        version: 3.600.0(@aws-sdk/client-sso-oidc@3.600.0)(@aws-sdk/client-sts@3.600.0(@aws-sdk/client-sso-oidc@3.600.0))
      '@aws-sdk/protocol-http':
        specifier: ^3.374.0
        version: 3.374.0
      '@aws-sdk/signature-v4':
        specifier: ^3.374.0
        version: 3.374.0
      axios:
        specifier: ^1.7.2
        version: 1.7.2
    devDependencies:
      concurrently:
        specifier: ^8.2.2
        version: 8.2.2
      prettier:
        specifier: ^3.3.2
        version: 3.3.2

packages:

  '@aws-crypto/crc32@3.0.0':
    resolution: {integrity: sha512-IzSgsrxUcsrejQbPVilIKy16kAT52EwB6zSaI+M3xxIhKh5+aldEyvI+z6erM7TCLB2BJsFrtHjp6/4/sr+3dA==}

  '@aws-crypto/sha256-browser@5.2.0':
    resolution: {integrity: sha512-AXfN/lGotSQwu6HNcEsIASo7kWXZ5HYWvfOmSNKDsEqC4OashTp8alTmaz+F7TC2L083SFv5RdB+qU3Vs1kZqw==}

  '@aws-crypto/sha256-js@5.2.0':
    resolution: {integrity: sha512-FFQQyu7edu4ufvIZ+OadFpHHOt+eSTBaYaki44c+akjg7qZg9oOQeLlk77F6tSYqjDAFClrHJk9tMf0HdVyOvA==}
    engines: {node: '>=16.0.0'}

  '@aws-crypto/supports-web-crypto@5.2.0':
    resolution: {integrity: sha512-iAvUotm021kM33eCdNfwIN//F77/IADDSs58i+MDaOqFrVjZo9bAal0NK7HurRuWLLpF1iLX7gbWrjHjeo+YFg==}

  '@aws-crypto/util@3.0.0':
    resolution: {integrity: sha512-2OJlpeJpCR48CC8r+uKVChzs9Iungj9wkZrl8Z041DWEWvyIHILYKCPNzJghKsivj+S3mLo6BVc7mBNzdxA46w==}

  '@aws-crypto/util@5.2.0':
    resolution: {integrity: sha512-4RkU9EsI6ZpBve5fseQlGNUWKMa1RLPQ1dnjnQoe07ldfIzcsGb5hC5W0Dm7u423KWzawlrpbjXBrXCEv9zazQ==}

  '@aws-sdk/client-sso-oidc@3.600.0':
    resolution: {integrity: sha512-7+I8RWURGfzvChyNQSyj5/tKrqRbzRl7H+BnTOf/4Vsw1nFOi5ROhlhD4X/Y0QCTacxnaoNcIrqnY7uGGvVRzw==}
    engines: {node: '>=16.0.0'}

  '@aws-sdk/client-sso@3.598.0':
    resolution: {integrity: sha512-nOI5lqPYa+YZlrrzwAJywJSw3MKVjvu6Ge2fCqQUNYMfxFB0NAaDFnl0EPjXi+sEbtCuz/uWE77poHbqiZ+7Iw==}
    engines: {node: '>=16.0.0'}

  '@aws-sdk/client-sts@3.600.0':
    resolution: {integrity: sha512-KQG97B7LvTtTiGmjlrG1LRAY8wUvCQzrmZVV5bjrJ/1oXAU7DITYwVbSJeX9NWg6hDuSk0VE3MFwIXS2SvfLIA==}
    engines: {node: '>=16.0.0'}

  '@aws-sdk/core@3.598.0':
    resolution: {integrity: sha512-HaSjt7puO5Cc7cOlrXFCW0rtA0BM9lvzjl56x0A20Pt+0wxXGeTOZZOkXQIepbrFkV2e/HYukuT9e99vXDm59g==}
    engines: {node: '>=16.0.0'}

  '@aws-sdk/credential-provider-env@3.598.0':
    resolution: {integrity: sha512-vi1khgn7yXzLCcgSIzQrrtd2ilUM0dWodxj3PQ6BLfP0O+q1imO3hG1nq7DVyJtq7rFHs6+9N8G4mYvTkxby2w==}
    engines: {node: '>=16.0.0'}

  '@aws-sdk/credential-provider-http@3.598.0':
    resolution: {integrity: sha512-N7cIafi4HVlQvEgvZSo1G4T9qb/JMLGMdBsDCT5XkeJrF0aptQWzTFH0jIdZcLrMYvzPcuEyO3yCBe6cy/ba0g==}
    engines: {node: '>=16.0.0'}

  '@aws-sdk/credential-provider-ini@3.598.0':
    resolution: {integrity: sha512-/ppcIVUbRwDIwJDoYfp90X3+AuJo2mvE52Y1t2VSrvUovYn6N4v95/vXj6LS8CNDhz2jvEJYmu+0cTMHdhI6eA==}
    engines: {node: '>=16.0.0'}
    peerDependencies:
      '@aws-sdk/client-sts': ^3.598.0

  '@aws-sdk/credential-provider-node@3.600.0':
    resolution: {integrity: sha512-1pC7MPMYD45J7yFjA90SxpR0yaSvy+yZiq23aXhAPZLYgJBAxHLu0s0mDCk/piWGPh8+UGur5K0bVdx4B1D5hw==}
    engines: {node: '>=16.0.0'}

  '@aws-sdk/credential-provider-process@3.598.0':
    resolution: {integrity: sha512-rM707XbLW8huMk722AgjVyxu2tMZee++fNA8TJVNgs1Ma02Wx6bBrfIvlyK0rCcIRb0WdQYP6fe3Xhiu4e8IBA==}
    engines: {node: '>=16.0.0'}

  '@aws-sdk/credential-provider-sso@3.598.0':
    resolution: {integrity: sha512-5InwUmrAuqQdOOgxTccRayMMkSmekdLk6s+az9tmikq0QFAHUCtofI+/fllMXSR9iL6JbGYi1940+EUmS4pHJA==}
    engines: {node: '>=16.0.0'}

  '@aws-sdk/credential-provider-web-identity@3.598.0':
    resolution: {integrity: sha512-GV5GdiMbz5Tz9JO4NJtRoFXjW0GPEujA0j+5J/B723rTN+REHthJu48HdBKouHGhdzkDWkkh1bu52V02Wprw8w==}
    engines: {node: '>=16.0.0'}
    peerDependencies:
      '@aws-sdk/client-sts': ^3.598.0

  '@aws-sdk/middleware-host-header@3.598.0':
    resolution: {integrity: sha512-WiaG059YBQwQraNejLIi0gMNkX7dfPZ8hDIhvMr5aVPRbaHH8AYF3iNSsXYCHvA2Cfa1O9haYXsuMF9flXnCmA==}
    engines: {node: '>=16.0.0'}

  '@aws-sdk/middleware-logger@3.598.0':
    resolution: {integrity: sha512-bxBjf/VYiu3zfu8SYM2S9dQQc3tz5uBAOcPz/Bt8DyyK3GgOpjhschH/2XuUErsoUO1gDJqZSdGOmuHGZQn00Q==}
    engines: {node: '>=16.0.0'}

  '@aws-sdk/middleware-recursion-detection@3.598.0':
    resolution: {integrity: sha512-vjT9BeFY9FeN0f8hm2l6F53tI0N5bUq6RcDkQXKNabXBnQxKptJRad6oP2X5y3FoVfBLOuDkQgiC2940GIPxtQ==}
    engines: {node: '>=16.0.0'}

  '@aws-sdk/middleware-user-agent@3.598.0':
    resolution: {integrity: sha512-4tjESlHG5B5MdjUaLK7tQs/miUtHbb6deauQx8ryqSBYOhfHVgb1ZnzvQR0bTrhpqUg0WlybSkDaZAICf9xctg==}
    engines: {node: '>=16.0.0'}

  '@aws-sdk/protocol-http@3.374.0':
    resolution: {integrity: sha512-9WpRUbINdGroV3HiZZIBoJvL2ndoWk39OfwxWs2otxByppJZNN14bg/lvCx5e8ggHUti7IBk5rb0nqQZ4m05pg==}
    engines: {node: '>=14.0.0'}
    deprecated: This package has moved to @smithy/protocol-http

  '@aws-sdk/region-config-resolver@3.598.0':
    resolution: {integrity: sha512-oYXhmTokSav4ytmWleCr3rs/1nyvZW/S0tdi6X7u+dLNL5Jee+uMxWGzgOrWK6wrQOzucLVjS4E/wA11Kv2GTw==}
    engines: {node: '>=16.0.0'}

  '@aws-sdk/signature-v4@3.374.0':
    resolution: {integrity: sha512-2xLJvSdzcZZAg0lsDLUAuSQuihzK0dcxIK7WmfuJeF7DGKJFmp9czQmz5f3qiDz6IDQzvgK1M9vtJSVCslJbyQ==}
    engines: {node: '>=14.0.0'}
    deprecated: This package has moved to @smithy/signature-v4

  '@aws-sdk/token-providers@3.598.0':
    resolution: {integrity: sha512-TKY1EVdHVBnZqpyxyTHdpZpa1tUpb6nxVeRNn1zWG8QB5MvH4ALLd/jR+gtmWDNQbIG4cVuBOZFVL8hIYicKTA==}
    engines: {node: '>=16.0.0'}
    peerDependencies:
      '@aws-sdk/client-sso-oidc': ^3.598.0

  '@aws-sdk/types@3.598.0':
    resolution: {integrity: sha512-742uRl6z7u0LFmZwDrFP6r1wlZcgVPw+/TilluDJmCAR8BgRw3IR+743kUXKBGd8QZDRW2n6v/PYsi/AWCDDMQ==}
    engines: {node: '>=16.0.0'}

  '@aws-sdk/util-endpoints@3.598.0':
    resolution: {integrity: sha512-Qo9UoiVVZxcOEdiOMZg3xb1mzkTxrhd4qSlg5QQrfWPJVx/QOg+Iy0NtGxPtHtVZNHZxohYwDwV/tfsnDSE2gQ==}
    engines: {node: '>=16.0.0'}

  '@aws-sdk/util-locate-window@3.568.0':
    resolution: {integrity: sha512-3nh4TINkXYr+H41QaPelCceEB2FXP3fxp93YZXB/kqJvX0U9j0N0Uk45gvsjmEPzG8XxkPEeLIfT2I1M7A6Lig==}
    engines: {node: '>=16.0.0'}

  '@aws-sdk/util-user-agent-browser@3.598.0':
    resolution: {integrity: sha512-36Sxo6F+ykElaL1mWzWjlg+1epMpSe8obwhCN1yGE7Js9ywy5U6k6l+A3q3YM9YRbm740sNxncbwLklMvuhTKw==}

  '@aws-sdk/util-user-agent-node@3.598.0':
    resolution: {integrity: sha512-oyWGcOlfTdzkC6SVplyr0AGh54IMrDxbhg5RxJ5P+V4BKfcDoDcZV9xenUk9NsOi9MuUjxMumb9UJGkDhM1m0A==}
    engines: {node: '>=16.0.0'}
    peerDependencies:
      aws-crt: '>=1.0.0'
    peerDependenciesMeta:
      aws-crt:
        optional: true

  '@aws-sdk/util-utf8-browser@3.259.0':
    resolution: {integrity: sha512-UvFa/vR+e19XookZF8RzFZBrw2EUkQWxiBW0yYQAhvk3C+QVGl0H3ouca8LDBlBfQKXwmW3huo/59H8rwb1wJw==}

  '@babel/runtime@7.24.4':
    resolution: {integrity: sha512-dkxf7+hn8mFBwKjs9bvBlArzLVxVbS8usaPUDd5p2a9JCL9tB8OaOVN1isD4+Xyk4ns89/xeOmbQvgdK7IIVdA==}
    engines: {node: '>=6.9.0'}

  '@smithy/abort-controller@3.1.0':
    resolution: {integrity: sha512-XOm4LkuC0PsK1sf2bBJLIlskn5ghmVxiEBVlo/jg0R8hxASBKYYgOoJEhKWgOr4vWGkN+5rC+oyBAqHYtxjnwQ==}
    engines: {node: '>=16.0.0'}

  '@smithy/config-resolver@3.0.3':
    resolution: {integrity: sha512-4wHqCMkdfVDP4qmr4fVPYOFOH+vKhOv3X4e6KEU9wIC8xXUQ24tnF4CW+sddGDX1zU86GGyQ7A+rg2xmUD6jpQ==}
    engines: {node: '>=16.0.0'}

  '@smithy/core@2.2.3':
    resolution: {integrity: sha512-SpyLOL2vgE6sUYM6nQfu82OirCPkCDKctyG3aMgjMlDPTJpUlmlNH0ttu9ZWwzEjrzzr8uABmPjJTRI7gk1HFQ==}
    engines: {node: '>=16.0.0'}

  '@smithy/credential-provider-imds@3.1.2':
    resolution: {integrity: sha512-gqVmUaNoeqyrOAjgZg+rTmFLsphh/vS59LCMdFfVpthVS0jbfBzvBmEPktBd+y9ME4DYMGHFAMSYJDK8q0noOQ==}
    engines: {node: '>=16.0.0'}

  '@smithy/eventstream-codec@1.1.0':
    resolution: {integrity: sha512-3tEbUb8t8an226jKB6V/Q2XU/J53lCwCzULuBPEaF4JjSh+FlCMp7TmogE/Aij5J9DwlsZ4VAD/IRDuQ/0ZtMw==}

  '@smithy/fetch-http-handler@3.1.0':
    resolution: {integrity: sha512-s7oQjEOUH9TYjctpITtWF4qxOdg7pBrP9eigEQ8SBsxF3dRFV0S28pGMllC83DUr7ECmErhO/BUwnULfoNhKgQ==}

  '@smithy/hash-node@3.0.2':
    resolution: {integrity: sha512-43uGA6o6QJQdXwAogybdTDHDd3SCdKyoiHIHb8PpdE2rKmVicjG9b1UgVwdgO8QPytmVqHFaUw27M3LZKwu8Yg==}
    engines: {node: '>=16.0.0'}

  '@smithy/invalid-dependency@3.0.2':
    resolution: {integrity: sha512-+BAY3fMhomtq470tswXyrdVBSUhiLuhBVT+rOmpbz5e04YX+s1dX4NxTLzZGwBjCpeWZNtTxP8zbIvvFk81gUg==}

  '@smithy/is-array-buffer@1.1.0':
    resolution: {integrity: sha512-twpQ/n+3OWZJ7Z+xu43MJErmhB/WO/mMTnqR6PwWQShvSJ/emx5d1N59LQZk6ZpTAeuRWrc+eHhkzTp9NFjNRQ==}
    engines: {node: '>=14.0.0'}

  '@smithy/is-array-buffer@2.2.0':
    resolution: {integrity: sha512-GGP3O9QFD24uGeAXYUjwSTXARoqpZykHadOmA8G5vfJPK0/DC67qa//0qvqrJzL1xc8WQWX7/yc7fwudjPHPhA==}
    engines: {node: '>=14.0.0'}

  '@smithy/is-array-buffer@3.0.0':
    resolution: {integrity: sha512-+Fsu6Q6C4RSJiy81Y8eApjEB5gVtM+oFKTffg+jSuwtvomJJrhUJBu2zS8wjXSgH/g1MKEWrzyChTBe6clb5FQ==}
    engines: {node: '>=16.0.0'}

  '@smithy/middleware-content-length@3.0.2':
    resolution: {integrity: sha512-/Havz3PkYIEmwpqkyRTR21yJsWnFbD1ec4H1pUL+TkDnE7RCQkAVUQepLL/UeCaZeCBXvfdoKbOjSbV01xIinQ==}
    engines: {node: '>=16.0.0'}

  '@smithy/middleware-endpoint@3.0.3':
    resolution: {integrity: sha512-ARAXHodhj4tttKa9y75zvENdSoHq6VGsSi7XS3+yLutrnxttJs6N10UMInCC1yi3/bopT8xug3iOP/y9R6sKJQ==}
    engines: {node: '>=16.0.0'}

  '@smithy/middleware-retry@3.0.6':
    resolution: {integrity: sha512-ICsFKp8eAyIMmxN5UT3IU37S6886L879TKtgxPsn/VD/laYNwqTLmJaCAn5//+2fRIrV0dnHp6LFlMwdXlWoUQ==}
    engines: {node: '>=16.0.0'}

  '@smithy/middleware-serde@3.0.2':
    resolution: {integrity: sha512-oT2abV5zLhBucJe1LIIFEcRgIBDbZpziuMPswTMbBQNcaEUycLFvX63zsFmqfwG+/ZQKsNx+BSE8W51CMuK7Yw==}
    engines: {node: '>=16.0.0'}

  '@smithy/middleware-stack@3.0.2':
    resolution: {integrity: sha512-6fRcxomlNKBPIy/YjcnC7YHpMAjRvGUYlYVJAfELqZjkW0vQegNcImjY7T1HgYA6u3pAcCxKVBLYnkTw8z/l0A==}
    engines: {node: '>=16.0.0'}

  '@smithy/node-config-provider@3.1.2':
    resolution: {integrity: sha512-388fEAa7+6ORj/BDC70peg3fyFBTTXJyXfXJ0Bwd6FYsRltePr2oGzIcm5AuC1WUSLtZ/dF+hYOnfTMs04rLvA==}
    engines: {node: '>=16.0.0'}

  '@smithy/node-http-handler@3.1.0':
    resolution: {integrity: sha512-pOpgB6B+VLXLwAyyvRz+ZAVXABlbAsJ2xvn3WZvrppAPImxwQOPFbeSUzWYMhpC8Tr7yQ3R8fG990QDhskkf1Q==}
    engines: {node: '>=16.0.0'}

  '@smithy/property-provider@3.1.2':
    resolution: {integrity: sha512-Hzp32BpeFFexBpO1z+ts8okbq/VLzJBadxanJAo/Wf2CmvXMBp6Q/TLWr7Js6IbMEcr0pDZ02V3u1XZkuQUJaA==}
    engines: {node: '>=16.0.0'}

  '@smithy/protocol-http@1.2.0':
    resolution: {integrity: sha512-GfGfruksi3nXdFok5RhgtOnWe5f6BndzYfmEXISD+5gAGdayFGpjWu5pIqIweTudMtse20bGbc+7MFZXT1Tb8Q==}
    engines: {node: '>=14.0.0'}

  '@smithy/protocol-http@4.0.2':
    resolution: {integrity: sha512-X/90xNWIOqSR2tLUyWxVIBdatpm35DrL44rI/xoeBWUuanE0iyCXJpTcnqlOpnEzgcu0xCKE06+g70TTu2j7RQ==}
    engines: {node: '>=16.0.0'}

  '@smithy/querystring-builder@3.0.2':
    resolution: {integrity: sha512-xhv1+HacDYsOLdNt7zW+8Fe779KYAzmWvzs9bC5NlKM8QGYCwwuFwDBynhlU4D5twgi2pZ14Lm4h6RiAazCtmA==}
    engines: {node: '>=16.0.0'}

  '@smithy/querystring-parser@3.0.2':
    resolution: {integrity: sha512-C5hyRKgrZGPNh5QqIWzXnW+LXVrPmVQO0iJKjHeb5v3C61ZkP9QhrKmbfchcTyg/VnaE0tMNf/nmLpQlWuiqpg==}
    engines: {node: '>=16.0.0'}

  '@smithy/service-error-classification@3.0.2':
    resolution: {integrity: sha512-cu0WV2XRttItsuXlcM0kq5MKdphbMMmSd2CXF122dJ75NrFE0o7rruXFGfxAp3BKzgF/DMxX+PllIA/cj4FHMw==}
    engines: {node: '>=16.0.0'}

  '@smithy/shared-ini-file-loader@3.1.2':
    resolution: {integrity: sha512-tgnXrXbLMO8vo6VeuqabMw/eTzQHlLmZx0TC0TjtjJghnD0Xl4pEnJtBjTJr6XF5fHMNrt5BcczDXHJT9yNQnA==}
    engines: {node: '>=16.0.0'}

  '@smithy/signature-v4@1.1.0':
    resolution: {integrity: sha512-fDo3m7YqXBs7neciOePPd/X9LPm5QLlDMdIC4m1H6dgNLnXfLMFNIxEfPyohGA8VW9Wn4X8lygnPSGxDZSmp0Q==}
    engines: {node: '>=14.0.0'}

  '@smithy/signature-v4@3.1.1':
    resolution: {integrity: sha512-2/vlG86Sr489XX8TA/F+VDA+P04ESef04pSz0wRtlQBExcSPjqO08rvrkcas2zLnJ51i+7ukOURCkgqixBYjSQ==}
    engines: {node: '>=16.0.0'}

  '@smithy/smithy-client@3.1.4':
    resolution: {integrity: sha512-y6xJROGrIoitjpwXLY7P9luDHvuT9jWpAluliuSFdBymFxcl6iyQjo9U/JhYfRHFNTruqsvKOrOESVuPGEcRmQ==}
    engines: {node: '>=16.0.0'}

  '@smithy/types@1.2.0':
    resolution: {integrity: sha512-z1r00TvBqF3dh4aHhya7nz1HhvCg4TRmw51fjMrh5do3h+ngSstt/yKlNbHeb9QxJmFbmN8KEVSWgb1bRvfEoA==}
    engines: {node: '>=14.0.0'}

  '@smithy/types@3.2.0':
    resolution: {integrity: sha512-cKyeKAPazZRVqm7QPvcPD2jEIt2wqDPAL1KJKb0f/5I7uhollvsWZuZKLclmyP6a+Jwmr3OV3t+X0pZUUHS9BA==}
    engines: {node: '>=16.0.0'}

  '@smithy/url-parser@3.0.2':
    resolution: {integrity: sha512-pRiPHrgibeAr4avtXDoBHmTLtthwA4l8jKYRfZjNgp+bBPyxDMPRg2TMJaYxqbKemvrOkHu9MIBTv2RkdNfD6w==}

  '@smithy/util-base64@3.0.0':
    resolution: {integrity: sha512-Kxvoh5Qtt0CDsfajiZOCpJxgtPHXOKwmM+Zy4waD43UoEMA+qPxxa98aE/7ZhdnBFZFXMOiBR5xbcaMhLtznQQ==}
    engines: {node: '>=16.0.0'}

  '@smithy/util-body-length-browser@3.0.0':
    resolution: {integrity: sha512-cbjJs2A1mLYmqmyVl80uoLTJhAcfzMOyPgjwAYusWKMdLeNtzmMz9YxNl3/jRLoxSS3wkqkf0jwNdtXWtyEBaQ==}

  '@smithy/util-body-length-node@3.0.0':
    resolution: {integrity: sha512-Tj7pZ4bUloNUP6PzwhN7K386tmSmEET9QtQg0TgdNOnxhZvCssHji+oZTUIuzxECRfG8rdm2PMw2WCFs6eIYkA==}
    engines: {node: '>=16.0.0'}

  '@smithy/util-buffer-from@1.1.0':
    resolution: {integrity: sha512-9m6NXE0ww+ra5HKHCHig20T+FAwxBAm7DIdwc/767uGWbRcY720ybgPacQNB96JMOI7xVr/CDa3oMzKmW4a+kw==}
    engines: {node: '>=14.0.0'}

  '@smithy/util-buffer-from@2.2.0':
    resolution: {integrity: sha512-IJdWBbTcMQ6DA0gdNhh/BwrLkDR+ADW5Kr1aZmd4k3DIF6ezMV4R2NIAmT08wQJ3yUK82thHWmC/TnK/wpMMIA==}
    engines: {node: '>=14.0.0'}

  '@smithy/util-buffer-from@3.0.0':
    resolution: {integrity: sha512-aEOHCgq5RWFbP+UDPvPot26EJHjOC+bRgse5A8V3FSShqd5E5UN4qc7zkwsvJPPAVsf73QwYcHN1/gt/rtLwQA==}
    engines: {node: '>=16.0.0'}

  '@smithy/util-config-provider@3.0.0':
    resolution: {integrity: sha512-pbjk4s0fwq3Di/ANL+rCvJMKM5bzAQdE5S/6RL5NXgMExFAi6UgQMPOm5yPaIWPpr+EOXKXRonJ3FoxKf4mCJQ==}
    engines: {node: '>=16.0.0'}

  '@smithy/util-defaults-mode-browser@3.0.6':
    resolution: {integrity: sha512-tAgoc++Eq+KL7g55+k108pn7nAob3GLWNEMbXhZIQyBcBNaE/o3+r4AEbae0A8bWvLRvArVsjeiuhMykGa04/A==}
    engines: {node: '>= 10.0.0'}

  '@smithy/util-defaults-mode-node@3.0.6':
    resolution: {integrity: sha512-UNerul6/E8aiCyFTBHk+RSIZCo7m96d/N5K3FeO/wFeZP6oy5HAicLzxqa85Wjv7MkXSxSySX29L/LwTV/QMag==}
    engines: {node: '>= 10.0.0'}

  '@smithy/util-endpoints@2.0.3':
    resolution: {integrity: sha512-Dyi+pfLglDHSGsKSYunuUUSFM5V0tz7UDgv1Ex97yg+Xkn0Eb0rH0rcvl1n0MaJ11fac3HKDOH0DkALyQYCQag==}
    engines: {node: '>=16.0.0'}

  '@smithy/util-hex-encoding@1.1.0':
    resolution: {integrity: sha512-7UtIE9eH0u41zpB60Jzr0oNCQ3hMJUabMcKRUVjmyHTXiWDE4vjSqN6qlih7rCNeKGbioS7f/y2Jgym4QZcKFg==}
    engines: {node: '>=14.0.0'}

  '@smithy/util-hex-encoding@3.0.0':
    resolution: {integrity: sha512-eFndh1WEK5YMUYvy3lPlVmYY/fZcQE1D8oSf41Id2vCeIkKJXPcYDCZD+4+xViI6b1XSd7tE+s5AmXzz5ilabQ==}
    engines: {node: '>=16.0.0'}

  '@smithy/util-middleware@1.1.0':
    resolution: {integrity: sha512-6hhckcBqVgjWAqLy2vqlPZ3rfxLDhFWEmM7oLh2POGvsi7j0tHkbN7w4DFhuBExVJAbJ/qqxqZdRY6Fu7/OezQ==}
    engines: {node: '>=14.0.0'}

  '@smithy/util-middleware@3.0.2':
    resolution: {integrity: sha512-7WW5SD0XVrpfqljBYzS5rLR+EiDzl7wCVJZ9Lo6ChNFV4VYDk37Z1QI5w/LnYtU/QKnSawYoHRd7VjSyC8QRQQ==}
    engines: {node: '>=16.0.0'}

  '@smithy/util-retry@3.0.2':
    resolution: {integrity: sha512-HUVOb1k8p/IH6WFUjsLa+L9H1Zi/FAAB2CDOpWuffI1b2Txi6sknau8kNfC46Xrt39P1j2KDzCE1UlLa2eW5+A==}
    engines: {node: '>=16.0.0'}

  '@smithy/util-stream@3.0.4':
    resolution: {integrity: sha512-CcMioiaOOsEVdb09pS7ux1ij7QcQ2jE/cE1+iin1DXMeRgAEQN/47m7Xztu7KFQuQsj0A5YwB2UN45q97CqKCg==}
    engines: {node: '>=16.0.0'}

  '@smithy/util-uri-escape@1.1.0':
    resolution: {integrity: sha512-/jL/V1xdVRt5XppwiaEU8Etp5WHZj609n0xMTuehmCqdoOFbId1M+aEeDWZsQ+8JbEB/BJ6ynY2SlYmOaKtt8w==}
    engines: {node: '>=14.0.0'}

  '@smithy/util-uri-escape@3.0.0':
    resolution: {integrity: sha512-LqR7qYLgZTD7nWLBecUi4aqolw8Mhza9ArpNEQ881MJJIU2sE5iHCK6TdyqqzcDLy0OPe10IY4T8ctVdtynubg==}
    engines: {node: '>=16.0.0'}

  '@smithy/util-utf8@1.1.0':
    resolution: {integrity: sha512-p/MYV+JmqmPyjdgyN2UxAeYDj9cBqCjp0C/NsTWnnjoZUVqoeZ6IrW915L9CAKWVECgv9lVQGc4u/yz26/bI1A==}
    engines: {node: '>=14.0.0'}

  '@smithy/util-utf8@2.3.0':
    resolution: {integrity: sha512-R8Rdn8Hy72KKcebgLiv8jQcQkXoLMOGGv5uI1/k0l+snqkOzQ1R0ChUBCxWMlBsFMekWjq0wRudIweFs7sKT5A==}
    engines: {node: '>=14.0.0'}

  '@smithy/util-utf8@3.0.0':
    resolution: {integrity: sha512-rUeT12bxFnplYDe815GXbq/oixEGHfRFFtcTF3YdDi/JaENIM6aSYYLJydG83UNzLXeRI5K8abYd/8Sp/QM0kA==}
    engines: {node: '>=16.0.0'}

  ansi-regex@5.0.1:
    resolution: {integrity: sha512-quJQXlTSUGL2LH9SUXo8VwsY4soanhgo6LNSm84E1LBcE8s3O0wpdiRzyR9z/ZZJMlMWv37qOOb9pdJlMUEKFQ==}
    engines: {node: '>=8'}

  ansi-styles@4.3.0:
    resolution: {integrity: sha512-zbB9rCJAT1rbjiVDb2hqKFHNYLxgtk8NURxZ3IZwD3F6NtxbXZQCnnSi1Lkx+IDohdPlFp222wVALIheZJQSEg==}
    engines: {node: '>=8'}

  asynckit@0.4.0:
    resolution: {integrity: sha512-Oei9OH4tRh0YqU3GxhX79dM/mwVgvbZJaSNaRk+bshkj0S5cfHcgYakreBjrHwatXKbz+IoIdYLxrKim2MjW0Q==}

  axios@1.7.2:
    resolution: {integrity: sha512-2A8QhOMrbomlDuiLeK9XibIBzuHeRcqqNOHp0Cyp5EoJ1IFDh+XZH3A6BkXtv0K4gFGCI0Y4BM7B1wOEi0Rmgw==}

  bowser@2.11.0:
    resolution: {integrity: sha512-AlcaJBi/pqqJBIQ8U9Mcpc9i8Aqxn88Skv5d+xBX006BY5u8N3mGLHa5Lgppa7L/HfwgwLgZ6NYs+Ag6uUmJRA==}

  chalk@4.1.2:
    resolution: {integrity: sha512-oKnbhFyRIXpUuez8iBMmyEa4nbj4IOQyuhc/wy9kY7/WVPcwIO9VA668Pu8RkO7+0G76SLROeyw9CpQ061i4mA==}
    engines: {node: '>=10'}

  cliui@8.0.1:
    resolution: {integrity: sha512-BSeNnyus75C4//NQ9gQt1/csTXyo/8Sb+afLAkzAptFuMsod9HFokGNudZpi/oQV73hnVK+sR+5PVRMd+Dr7YQ==}
    engines: {node: '>=12'}

  color-convert@2.0.1:
    resolution: {integrity: sha512-RRECPsj7iu/xb5oKYcsFHSppFNnsj/52OVTRKb4zP5onXwVF3zVmmToNcOfGC+CRDpfK/U584fMg38ZHCaElKQ==}
    engines: {node: '>=7.0.0'}

  color-name@1.1.4:
    resolution: {integrity: sha512-dOy+3AuW3a2wNbZHIuMZpTcgjGuLU/uBL/ubcZF9OXbDo8ff4O8yVp5Bf0efS8uEoYo5q4Fx7dY9OgQGXgAsQA==}

  combined-stream@1.0.8:
    resolution: {integrity: sha512-FQN4MRfuJeHf7cBbBMJFXhKSDq+2kAArBlmRBvcvFE5BB1HZKXtSFASDhdlz9zOYwxh8lDdnvmMOe/+5cdoEdg==}
    engines: {node: '>= 0.8'}

  concurrently@8.2.2:
    resolution: {integrity: sha512-1dP4gpXFhei8IOtlXRE/T/4H88ElHgTiUzh71YUmtjTEHMSRS2Z/fgOxHSxxusGHogsRfxNq1vyAwxSC+EVyDg==}
    engines: {node: ^14.13.0 || >=16.0.0}
    hasBin: true

  date-fns@2.30.0:
    resolution: {integrity: sha512-fnULvOpxnC5/Vg3NCiWelDsLiUc9bRwAPs/+LfTLNvetFCtCTN+yQz15C/fs4AwX1R9K5GLtLfn8QW+dWisaAw==}
    engines: {node: '>=0.11'}

  delayed-stream@1.0.0:
    resolution: {integrity: sha512-ZySD7Nf91aLB0RxL4KGrKHBXl7Eds1DAmEdcoVawXnLD7SDhpNgtuII2aAkg7a7QS41jxPSZ17p4VdGnMHk3MQ==}
    engines: {node: '>=0.4.0'}

  emoji-regex@8.0.0:
    resolution: {integrity: sha512-MSjYzcWNOA0ewAHpz0MxpYFvwg6yjy1NG3xteoqz644VCo/RPgnr1/GGt+ic3iJTzQ8Eu3TdM14SawnVUmGE6A==}

  escalade@3.1.2:
    resolution: {integrity: sha512-ErCHMCae19vR8vQGe50xIsVomy19rg6gFu3+r3jkEO46suLMWBksvVyoGgQV+jOfl84ZSOSlmv6Gxa89PmTGmA==}
    engines: {node: '>=6'}

  fast-xml-parser@4.2.5:
    resolution: {integrity: sha512-B9/wizE4WngqQftFPmdaMYlXoJlJOYxGQOanC77fq9k8+Z0v5dDSVh+3glErdIROP//s/jgb7ZuxKfB8nVyo0g==}
    hasBin: true

  follow-redirects@1.15.6:
    resolution: {integrity: sha512-wWN62YITEaOpSK584EZXJafH1AGpO8RVgElfkuXbTOrPX4fIfOyEpW/CsiNd8JdYrAoOvafRTOEnvsO++qCqFA==}
    engines: {node: '>=4.0'}
    peerDependencies:
      debug: '*'
    peerDependenciesMeta:
      debug:
        optional: true

  form-data@4.0.0:
    resolution: {integrity: sha512-ETEklSGi5t0QMZuiXoA/Q6vcnxcLQP5vdugSpuAyi6SVGi2clPPp+xgEhuMaHC+zGgn31Kd235W35f7Hykkaww==}
    engines: {node: '>= 6'}

  get-caller-file@2.0.5:
    resolution: {integrity: sha512-DyFP3BM/3YHTQOCUL/w0OZHR0lpKeGrxotcHWcqNEdnltqFwXVfhEBQ94eIo34AfQpo0rGki4cyIiftY06h2Fg==}
    engines: {node: 6.* || 8.* || >= 10.*}

  has-flag@4.0.0:
    resolution: {integrity: sha512-EykJT/Q1KjTWctppgIAgfSO0tKVuZUjhgMr17kqTumMl6Afv3EISleU7qZUzoXDFTAHTDC4NOoG/ZxU3EvlMPQ==}
    engines: {node: '>=8'}

  is-fullwidth-code-point@3.0.0:
    resolution: {integrity: sha512-zymm5+u+sCsSWyD9qNaejV3DFvhCKclKdizYaJUuHA83RLjb7nSuGnddCHGv0hk+KY7BMAlsWeK4Ueg6EV6XQg==}
    engines: {node: '>=8'}

  lodash@4.17.21:
    resolution: {integrity: sha512-v2kDEe57lecTulaDIuNTPy3Ry4gLGJ6Z1O3vE1krgXZNrsQ+LFTGHVxVjcXPs17LhbZVGedAJv8XZ1tvj5FvSg==}

  mime-db@1.52.0:
    resolution: {integrity: sha512-sPU4uV7dYlvtWJxwwxHD0PuihVNiE7TyAbQ5SWxDCB9mUYvOgroQOwYQQOKPJ8CIbE+1ETVlOoK1UC2nU3gYvg==}
    engines: {node: '>= 0.6'}

  mime-types@2.1.35:
    resolution: {integrity: sha512-ZDY+bPm5zTTF+YpCrAU9nK0UgICYPT0QtT1NZWFv4s++TNkcgVaT0g6+4R2uI4MjQjzysHB1zxuWL50hzaeXiw==}
    engines: {node: '>= 0.6'}

  prettier@3.3.2:
    resolution: {integrity: sha512-rAVeHYMcv8ATV5d508CFdn+8/pHPpXeIid1DdrPwXnaAdH7cqjVbpJaT5eq4yRAFU/lsbwYwSF/n5iNrdJHPQA==}
    engines: {node: '>=14'}
    hasBin: true

  proxy-from-env@1.1.0:
    resolution: {integrity: sha512-D+zkORCbA9f1tdWRK0RaCR3GPv50cMxcrz4X8k5LTSUD1Dkw47mKJEZQNunItRTkWwgtaUSo1RVFRIG9ZXiFYg==}

  regenerator-runtime@0.14.1:
    resolution: {integrity: sha512-dYnhHh0nJoMfnkZs6GmmhFknAGRrLznOu5nc9ML+EJxGvrx6H7teuevqVqCuPcPK//3eDrrjQhehXVx9cnkGdw==}

  require-directory@2.1.1:
    resolution: {integrity: sha512-fGxEI7+wsG9xrvdjsrlmL22OMTTiHRwAMroiEeMgq8gzoLC/PQr7RsRDSTLUg/bZAZtF+TVIkHc6/4RIKrui+Q==}
    engines: {node: '>=0.10.0'}

  rxjs@7.8.1:
    resolution: {integrity: sha512-AA3TVj+0A2iuIoQkWEK/tqFjBq2j+6PO6Y0zJcvzLAFhEFIO3HL0vls9hWLncZbAAbK0mar7oZ4V079I/qPMxg==}

  shell-quote@1.8.1:
    resolution: {integrity: sha512-6j1W9l1iAs/4xYBI1SYOVZyFcCis9b4KCLQ8fgAGG07QvzaRLVVRQvAy85yNmmZSjYjg4MWh4gNvlPujU/5LpA==}

  spawn-command@0.0.2:
    resolution: {integrity: sha512-zC8zGoGkmc8J9ndvml8Xksr1Amk9qBujgbF0JAIWO7kXr43w0h/0GJNM/Vustixu+YE8N/MTrQ7N31FvHUACxQ==}

  string-width@4.2.3:
    resolution: {integrity: sha512-wKyQRQpjJ0sIp62ErSZdGsjMJWsap5oRNihHhu6G7JVO/9jIB6UyevL+tXuOqrng8j/cxKTWyWUwvSTriiZz/g==}
    engines: {node: '>=8'}

  strip-ansi@6.0.1:
    resolution: {integrity: sha512-Y38VPSHcqkFrCpFnQ9vuSXmquuv5oXOKpGeT6aGrr3o3Gc9AlVa6JBfUSOCnbxGGZF+/0ooI7KrPuUSztUdU5A==}
    engines: {node: '>=8'}

  strnum@1.0.5:
    resolution: {integrity: sha512-J8bbNyKKXl5qYcR36TIO8W3mVGVHrmmxsd5PAItGkmyzwJvybiw2IVq5nqd0i4LSNSkB/sx9VHllbfFdr9k1JA==}

  supports-color@7.2.0:
    resolution: {integrity: sha512-qpCAvRl9stuOHveKsn7HncJRvv501qIacKzQlO/+Lwxc9+0q2wLyv4Dfvt80/DPn2pqOBsJdDiogXGR9+OvwRw==}
    engines: {node: '>=8'}

  supports-color@8.1.1:
    resolution: {integrity: sha512-MpUEN2OodtUzxvKQl72cUF7RQ5EiHsGvSsVG0ia9c5RbWGL2CI4C7EpPS8UTBIplnlzZiNuV56w+FuNxy3ty2Q==}
    engines: {node: '>=10'}

  tree-kill@1.2.2:
    resolution: {integrity: sha512-L0Orpi8qGpRG//Nd+H90vFB+3iHnue1zSSGmNOOCh1GLJ7rUKVwV2HvijphGQS2UmhUZewS9VgvxYIdgr+fG1A==}
    hasBin: true

  tslib@1.14.1:
    resolution: {integrity: sha512-Xni35NKzjgMrwevysHTCArtLDpPvye8zV/0E4EyYn43P7/7qvQwPh9BGkHewbMulVntbigmcT7rdX3BNo9wRJg==}

  tslib@2.6.2:
    resolution: {integrity: sha512-AEYxH93jGFPn/a2iVAwW87VuUIkR1FVUKB77NwMF7nBTDkDrrT/Hpt/IrCJ0QXhW27jTBDcf5ZY7w6RiqTMw2Q==}

  uuid@9.0.1:
    resolution: {integrity: sha512-b+1eJOlsR9K8HJpow9Ok3fiWOWSIcIzXodvv0rQjVoOVNpWMpxf1wZNpt4y9h10odCNrqnYp1OBzRktckBe3sA==}
    hasBin: true

  wrap-ansi@7.0.0:
    resolution: {integrity: sha512-YVGIj2kamLSTxw6NsZjoBxfSwsn0ycdesmc4p+Q21c5zPuZ1pl+NfxVdxPtdHvmNVOQ6XSYG4AUtyt/Fi7D16Q==}
    engines: {node: '>=10'}

  y18n@5.0.8:
    resolution: {integrity: sha512-0pfFzegeDWJHJIAmTLRP2DwHjdF5s7jo9tuztdQxAhINCdvS+3nGINqPd00AphqJR/0LhANUS6/+7SCb98YOfA==}
    engines: {node: '>=10'}

  yargs-parser@21.1.1:
    resolution: {integrity: sha512-tVpsJW7DdjecAiFpbIB1e3qxIQsE6NoPc5/eTdrbbIC4h0LVsWhnoa3g+m2HclBIujHzsxZ4VJVA+GUuc2/LBw==}
    engines: {node: '>=12'}

  yargs@17.7.2:
    resolution: {integrity: sha512-7dSzzRQ++CKnNI/krKnYRV7JKKPUXMEh61soaHKg9mrWEhzFWhFnxPxGl+69cD1Ou63C13NUPCnmIcrvqCuM6w==}
    engines: {node: '>=12'}

snapshots:

  '@aws-crypto/crc32@3.0.0':
    dependencies:
      '@aws-crypto/util': 3.0.0
      '@aws-sdk/types': 3.598.0
      tslib: 1.14.1

  '@aws-crypto/sha256-browser@5.2.0':
    dependencies:
      '@aws-crypto/sha256-js': 5.2.0
      '@aws-crypto/supports-web-crypto': 5.2.0
      '@aws-crypto/util': 5.2.0
      '@aws-sdk/types': 3.598.0
      '@aws-sdk/util-locate-window': 3.568.0
      '@smithy/util-utf8': 2.3.0
      tslib: 2.6.2

  '@aws-crypto/sha256-js@5.2.0':
    dependencies:
      '@aws-crypto/util': 5.2.0
      '@aws-sdk/types': 3.598.0
      tslib: 2.6.2

  '@aws-crypto/supports-web-crypto@5.2.0':
    dependencies:
      tslib: 2.6.2

  '@aws-crypto/util@3.0.0':
    dependencies:
      '@aws-sdk/types': 3.598.0
      '@aws-sdk/util-utf8-browser': 3.259.0
      tslib: 1.14.1

  '@aws-crypto/util@5.2.0':
    dependencies:
      '@aws-sdk/types': 3.598.0
      '@smithy/util-utf8': 2.3.0
      tslib: 2.6.2

  '@aws-sdk/client-sso-oidc@3.600.0':
    dependencies:
      '@aws-crypto/sha256-browser': 5.2.0
      '@aws-crypto/sha256-js': 5.2.0
      '@aws-sdk/client-sts': 3.600.0(@aws-sdk/client-sso-oidc@3.600.0)
      '@aws-sdk/core': 3.598.0
      '@aws-sdk/credential-provider-node': 3.600.0(@aws-sdk/client-sso-oidc@3.600.0)(@aws-sdk/client-sts@3.600.0(@aws-sdk/client-sso-oidc@3.600.0))
      '@aws-sdk/middleware-host-header': 3.598.0
      '@aws-sdk/middleware-logger': 3.598.0
      '@aws-sdk/middleware-recursion-detection': 3.598.0
      '@aws-sdk/middleware-user-agent': 3.598.0
      '@aws-sdk/region-config-resolver': 3.598.0
      '@aws-sdk/types': 3.598.0
      '@aws-sdk/util-endpoints': 3.598.0
      '@aws-sdk/util-user-agent-browser': 3.598.0
      '@aws-sdk/util-user-agent-node': 3.598.0
      '@smithy/config-resolver': 3.0.3
      '@smithy/core': 2.2.3
      '@smithy/fetch-http-handler': 3.1.0
      '@smithy/hash-node': 3.0.2
      '@smithy/invalid-dependency': 3.0.2
      '@smithy/middleware-content-length': 3.0.2
      '@smithy/middleware-endpoint': 3.0.3
      '@smithy/middleware-retry': 3.0.6
      '@smithy/middleware-serde': 3.0.2
      '@smithy/middleware-stack': 3.0.2
      '@smithy/node-config-provider': 3.1.2
      '@smithy/node-http-handler': 3.1.0
      '@smithy/protocol-http': 4.0.2
      '@smithy/smithy-client': 3.1.4
      '@smithy/types': 3.2.0
      '@smithy/url-parser': 3.0.2
      '@smithy/util-base64': 3.0.0
      '@smithy/util-body-length-browser': 3.0.0
      '@smithy/util-body-length-node': 3.0.0
      '@smithy/util-defaults-mode-browser': 3.0.6
      '@smithy/util-defaults-mode-node': 3.0.6
      '@smithy/util-endpoints': 2.0.3
      '@smithy/util-middleware': 3.0.2
      '@smithy/util-retry': 3.0.2
      '@smithy/util-utf8': 3.0.0
      tslib: 2.6.2
    transitivePeerDependencies:
      - aws-crt

  '@aws-sdk/client-sso@3.598.0':
    dependencies:
      '@aws-crypto/sha256-browser': 5.2.0
      '@aws-crypto/sha256-js': 5.2.0
      '@aws-sdk/core': 3.598.0
      '@aws-sdk/middleware-host-header': 3.598.0
      '@aws-sdk/middleware-logger': 3.598.0
      '@aws-sdk/middleware-recursion-detection': 3.598.0
      '@aws-sdk/middleware-user-agent': 3.598.0
      '@aws-sdk/region-config-resolver': 3.598.0
      '@aws-sdk/types': 3.598.0
      '@aws-sdk/util-endpoints': 3.598.0
      '@aws-sdk/util-user-agent-browser': 3.598.0
      '@aws-sdk/util-user-agent-node': 3.598.0
      '@smithy/config-resolver': 3.0.3
      '@smithy/core': 2.2.3
      '@smithy/fetch-http-handler': 3.1.0
      '@smithy/hash-node': 3.0.2
      '@smithy/invalid-dependency': 3.0.2
      '@smithy/middleware-content-length': 3.0.2
      '@smithy/middleware-endpoint': 3.0.3
      '@smithy/middleware-retry': 3.0.6
      '@smithy/middleware-serde': 3.0.2
      '@smithy/middleware-stack': 3.0.2
      '@smithy/node-config-provider': 3.1.2
      '@smithy/node-http-handler': 3.1.0
      '@smithy/protocol-http': 4.0.2
      '@smithy/smithy-client': 3.1.4
      '@smithy/types': 3.2.0
      '@smithy/url-parser': 3.0.2
      '@smithy/util-base64': 3.0.0
      '@smithy/util-body-length-browser': 3.0.0
      '@smithy/util-body-length-node': 3.0.0
      '@smithy/util-defaults-mode-browser': 3.0.6
      '@smithy/util-defaults-mode-node': 3.0.6
      '@smithy/util-endpoints': 2.0.3
      '@smithy/util-middleware': 3.0.2
      '@smithy/util-retry': 3.0.2
      '@smithy/util-utf8': 3.0.0
      tslib: 2.6.2
    transitivePeerDependencies:
      - aws-crt

  '@aws-sdk/client-sts@3.600.0(@aws-sdk/client-sso-oidc@3.600.0)':
    dependencies:
      '@aws-crypto/sha256-browser': 5.2.0
      '@aws-crypto/sha256-js': 5.2.0
      '@aws-sdk/client-sso-oidc': 3.600.0
      '@aws-sdk/core': 3.598.0
      '@aws-sdk/credential-provider-node': 3.600.0(@aws-sdk/client-sso-oidc@3.600.0)(@aws-sdk/client-sts@3.600.0(@aws-sdk/client-sso-oidc@3.600.0))
      '@aws-sdk/middleware-host-header': 3.598.0
      '@aws-sdk/middleware-logger': 3.598.0
      '@aws-sdk/middleware-recursion-detection': 3.598.0
      '@aws-sdk/middleware-user-agent': 3.598.0
      '@aws-sdk/region-config-resolver': 3.598.0
      '@aws-sdk/types': 3.598.0
      '@aws-sdk/util-endpoints': 3.598.0
      '@aws-sdk/util-user-agent-browser': 3.598.0
      '@aws-sdk/util-user-agent-node': 3.598.0
      '@smithy/config-resolver': 3.0.3
      '@smithy/core': 2.2.3
      '@smithy/fetch-http-handler': 3.1.0
      '@smithy/hash-node': 3.0.2
      '@smithy/invalid-dependency': 3.0.2
      '@smithy/middleware-content-length': 3.0.2
      '@smithy/middleware-endpoint': 3.0.3
      '@smithy/middleware-retry': 3.0.6
      '@smithy/middleware-serde': 3.0.2
      '@smithy/middleware-stack': 3.0.2
      '@smithy/node-config-provider': 3.1.2
      '@smithy/node-http-handler': 3.1.0
      '@smithy/protocol-http': 4.0.2
      '@smithy/smithy-client': 3.1.4
      '@smithy/types': 3.2.0
      '@smithy/url-parser': 3.0.2
      '@smithy/util-base64': 3.0.0
      '@smithy/util-body-length-browser': 3.0.0
      '@smithy/util-body-length-node': 3.0.0
      '@smithy/util-defaults-mode-browser': 3.0.6
      '@smithy/util-defaults-mode-node': 3.0.6
      '@smithy/util-endpoints': 2.0.3
      '@smithy/util-middleware': 3.0.2
      '@smithy/util-retry': 3.0.2
      '@smithy/util-utf8': 3.0.0
      tslib: 2.6.2
    transitivePeerDependencies:
      - '@aws-sdk/client-sso-oidc'
      - aws-crt

  '@aws-sdk/core@3.598.0':
    dependencies:
      '@smithy/core': 2.2.3
      '@smithy/protocol-http': 4.0.2
      '@smithy/signature-v4': 3.1.1
      '@smithy/smithy-client': 3.1.4
      '@smithy/types': 3.2.0
      fast-xml-parser: 4.2.5
      tslib: 2.6.2

  '@aws-sdk/credential-provider-env@3.598.0':
    dependencies:
      '@aws-sdk/types': 3.598.0
      '@smithy/property-provider': 3.1.2
      '@smithy/types': 3.2.0
      tslib: 2.6.2

  '@aws-sdk/credential-provider-http@3.598.0':
    dependencies:
      '@aws-sdk/types': 3.598.0
      '@smithy/fetch-http-handler': 3.1.0
      '@smithy/node-http-handler': 3.1.0
      '@smithy/property-provider': 3.1.2
      '@smithy/protocol-http': 4.0.2
      '@smithy/smithy-client': 3.1.4
      '@smithy/types': 3.2.0
      '@smithy/util-stream': 3.0.4
      tslib: 2.6.2

  '@aws-sdk/credential-provider-ini@3.598.0(@aws-sdk/client-sso-oidc@3.600.0)(@aws-sdk/client-sts@3.600.0(@aws-sdk/client-sso-oidc@3.600.0))':
    dependencies:
      '@aws-sdk/client-sts': 3.600.0(@aws-sdk/client-sso-oidc@3.600.0)
      '@aws-sdk/credential-provider-env': 3.598.0
      '@aws-sdk/credential-provider-http': 3.598.0
      '@aws-sdk/credential-provider-process': 3.598.0
      '@aws-sdk/credential-provider-sso': 3.598.0(@aws-sdk/client-sso-oidc@3.600.0)
      '@aws-sdk/credential-provider-web-identity': 3.598.0(@aws-sdk/client-sts@3.600.0(@aws-sdk/client-sso-oidc@3.600.0))
      '@aws-sdk/types': 3.598.0
      '@smithy/credential-provider-imds': 3.1.2
      '@smithy/property-provider': 3.1.2
      '@smithy/shared-ini-file-loader': 3.1.2
      '@smithy/types': 3.2.0
      tslib: 2.6.2
    transitivePeerDependencies:
      - '@aws-sdk/client-sso-oidc'
      - aws-crt

  '@aws-sdk/credential-provider-node@3.600.0(@aws-sdk/client-sso-oidc@3.600.0)(@aws-sdk/client-sts@3.600.0(@aws-sdk/client-sso-oidc@3.600.0))':
    dependencies:
      '@aws-sdk/credential-provider-env': 3.598.0
      '@aws-sdk/credential-provider-http': 3.598.0
      '@aws-sdk/credential-provider-ini': 3.598.0(@aws-sdk/client-sso-oidc@3.600.0)(@aws-sdk/client-sts@3.600.0(@aws-sdk/client-sso-oidc@3.600.0))
      '@aws-sdk/credential-provider-process': 3.598.0
      '@aws-sdk/credential-provider-sso': 3.598.0(@aws-sdk/client-sso-oidc@3.600.0)
      '@aws-sdk/credential-provider-web-identity': 3.598.0(@aws-sdk/client-sts@3.600.0(@aws-sdk/client-sso-oidc@3.600.0))
      '@aws-sdk/types': 3.598.0
      '@smithy/credential-provider-imds': 3.1.2
      '@smithy/property-provider': 3.1.2
      '@smithy/shared-ini-file-loader': 3.1.2
      '@smithy/types': 3.2.0
      tslib: 2.6.2
    transitivePeerDependencies:
      - '@aws-sdk/client-sso-oidc'
      - '@aws-sdk/client-sts'
      - aws-crt

  '@aws-sdk/credential-provider-process@3.598.0':
    dependencies:
      '@aws-sdk/types': 3.598.0
      '@smithy/property-provider': 3.1.2
      '@smithy/shared-ini-file-loader': 3.1.2
      '@smithy/types': 3.2.0
      tslib: 2.6.2

  '@aws-sdk/credential-provider-sso@3.598.0(@aws-sdk/client-sso-oidc@3.600.0)':
    dependencies:
      '@aws-sdk/client-sso': 3.598.0
      '@aws-sdk/token-providers': 3.598.0(@aws-sdk/client-sso-oidc@3.600.0)
      '@aws-sdk/types': 3.598.0
      '@smithy/property-provider': 3.1.2
      '@smithy/shared-ini-file-loader': 3.1.2
      '@smithy/types': 3.2.0
      tslib: 2.6.2
    transitivePeerDependencies:
      - '@aws-sdk/client-sso-oidc'
      - aws-crt

  '@aws-sdk/credential-provider-web-identity@3.598.0(@aws-sdk/client-sts@3.600.0(@aws-sdk/client-sso-oidc@3.600.0))':
    dependencies:
      '@aws-sdk/client-sts': 3.600.0(@aws-sdk/client-sso-oidc@3.600.0)
      '@aws-sdk/types': 3.598.0
      '@smithy/property-provider': 3.1.2
      '@smithy/types': 3.2.0
      tslib: 2.6.2

  '@aws-sdk/middleware-host-header@3.598.0':
    dependencies:
      '@aws-sdk/types': 3.598.0
      '@smithy/protocol-http': 4.0.2
      '@smithy/types': 3.2.0
      tslib: 2.6.2

  '@aws-sdk/middleware-logger@3.598.0':
    dependencies:
      '@aws-sdk/types': 3.598.0
      '@smithy/types': 3.2.0
      tslib: 2.6.2

  '@aws-sdk/middleware-recursion-detection@3.598.0':
    dependencies:
      '@aws-sdk/types': 3.598.0
      '@smithy/protocol-http': 4.0.2
      '@smithy/types': 3.2.0
      tslib: 2.6.2

  '@aws-sdk/middleware-user-agent@3.598.0':
    dependencies:
      '@aws-sdk/types': 3.598.0
      '@aws-sdk/util-endpoints': 3.598.0
      '@smithy/protocol-http': 4.0.2
      '@smithy/types': 3.2.0
      tslib: 2.6.2

  '@aws-sdk/protocol-http@3.374.0':
    dependencies:
      '@smithy/protocol-http': 1.2.0
      tslib: 2.6.2

  '@aws-sdk/region-config-resolver@3.598.0':
    dependencies:
      '@aws-sdk/types': 3.598.0
      '@smithy/node-config-provider': 3.1.2
      '@smithy/types': 3.2.0
      '@smithy/util-config-provider': 3.0.0
      '@smithy/util-middleware': 3.0.2
      tslib: 2.6.2

  '@aws-sdk/signature-v4@3.374.0':
    dependencies:
      '@smithy/signature-v4': 1.1.0
      tslib: 2.6.2

  '@aws-sdk/token-providers@3.598.0(@aws-sdk/client-sso-oidc@3.600.0)':
    dependencies:
      '@aws-sdk/client-sso-oidc': 3.600.0
      '@aws-sdk/types': 3.598.0
      '@smithy/property-provider': 3.1.2
      '@smithy/shared-ini-file-loader': 3.1.2
      '@smithy/types': 3.2.0
      tslib: 2.6.2

  '@aws-sdk/types@3.598.0':
    dependencies:
      '@smithy/types': 3.2.0
      tslib: 2.6.2

  '@aws-sdk/util-endpoints@3.598.0':
    dependencies:
      '@aws-sdk/types': 3.598.0
      '@smithy/types': 3.2.0
      '@smithy/util-endpoints': 2.0.3
      tslib: 2.6.2

  '@aws-sdk/util-locate-window@3.568.0':
    dependencies:
      tslib: 2.6.2

  '@aws-sdk/util-user-agent-browser@3.598.0':
    dependencies:
      '@aws-sdk/types': 3.598.0
      '@smithy/types': 3.2.0
      bowser: 2.11.0
      tslib: 2.6.2

  '@aws-sdk/util-user-agent-node@3.598.0':
    dependencies:
      '@aws-sdk/types': 3.598.0
      '@smithy/node-config-provider': 3.1.2
      '@smithy/types': 3.2.0
      tslib: 2.6.2

  '@aws-sdk/util-utf8-browser@3.259.0':
    dependencies:
      tslib: 2.6.2

  '@babel/runtime@7.24.4':
    dependencies:
      regenerator-runtime: 0.14.1

  '@smithy/abort-controller@3.1.0':
    dependencies:
      '@smithy/types': 3.2.0
      tslib: 2.6.2

  '@smithy/config-resolver@3.0.3':
    dependencies:
      '@smithy/node-config-provider': 3.1.2
      '@smithy/types': 3.2.0
      '@smithy/util-config-provider': 3.0.0
      '@smithy/util-middleware': 3.0.2
      tslib: 2.6.2

  '@smithy/core@2.2.3':
    dependencies:
      '@smithy/middleware-endpoint': 3.0.3
      '@smithy/middleware-retry': 3.0.6
      '@smithy/middleware-serde': 3.0.2
      '@smithy/protocol-http': 4.0.2
      '@smithy/smithy-client': 3.1.4
      '@smithy/types': 3.2.0
      '@smithy/util-middleware': 3.0.2
      tslib: 2.6.2

  '@smithy/credential-provider-imds@3.1.2':
    dependencies:
      '@smithy/node-config-provider': 3.1.2
      '@smithy/property-provider': 3.1.2
      '@smithy/types': 3.2.0
      '@smithy/url-parser': 3.0.2
      tslib: 2.6.2

  '@smithy/eventstream-codec@1.1.0':
    dependencies:
      '@aws-crypto/crc32': 3.0.0
      '@smithy/types': 1.2.0
      '@smithy/util-hex-encoding': 1.1.0
      tslib: 2.6.2

  '@smithy/fetch-http-handler@3.1.0':
    dependencies:
      '@smithy/protocol-http': 4.0.2
      '@smithy/querystring-builder': 3.0.2
      '@smithy/types': 3.2.0
      '@smithy/util-base64': 3.0.0
      tslib: 2.6.2

  '@smithy/hash-node@3.0.2':
    dependencies:
      '@smithy/types': 3.2.0
      '@smithy/util-buffer-from': 3.0.0
      '@smithy/util-utf8': 3.0.0
      tslib: 2.6.2

  '@smithy/invalid-dependency@3.0.2':
    dependencies:
      '@smithy/types': 3.2.0
      tslib: 2.6.2

  '@smithy/is-array-buffer@1.1.0':
    dependencies:
      tslib: 2.6.2

  '@smithy/is-array-buffer@2.2.0':
    dependencies:
      tslib: 2.6.2

  '@smithy/is-array-buffer@3.0.0':
    dependencies:
      tslib: 2.6.2

  '@smithy/middleware-content-length@3.0.2':
    dependencies:
      '@smithy/protocol-http': 4.0.2
      '@smithy/types': 3.2.0
      tslib: 2.6.2

  '@smithy/middleware-endpoint@3.0.3':
    dependencies:
      '@smithy/middleware-serde': 3.0.2
      '@smithy/node-config-provider': 3.1.2
      '@smithy/shared-ini-file-loader': 3.1.2
      '@smithy/types': 3.2.0
      '@smithy/url-parser': 3.0.2
      '@smithy/util-middleware': 3.0.2
      tslib: 2.6.2

  '@smithy/middleware-retry@3.0.6':
    dependencies:
      '@smithy/node-config-provider': 3.1.2
      '@smithy/protocol-http': 4.0.2
      '@smithy/service-error-classification': 3.0.2
      '@smithy/smithy-client': 3.1.4
      '@smithy/types': 3.2.0
      '@smithy/util-middleware': 3.0.2
      '@smithy/util-retry': 3.0.2
      tslib: 2.6.2
      uuid: 9.0.1

  '@smithy/middleware-serde@3.0.2':
    dependencies:
      '@smithy/types': 3.2.0
      tslib: 2.6.2

  '@smithy/middleware-stack@3.0.2':
    dependencies:
      '@smithy/types': 3.2.0
      tslib: 2.6.2

  '@smithy/node-config-provider@3.1.2':
    dependencies:
      '@smithy/property-provider': 3.1.2
      '@smithy/shared-ini-file-loader': 3.1.2
      '@smithy/types': 3.2.0
      tslib: 2.6.2

  '@smithy/node-http-handler@3.1.0':
    dependencies:
      '@smithy/abort-controller': 3.1.0
      '@smithy/protocol-http': 4.0.2
      '@smithy/querystring-builder': 3.0.2
      '@smithy/types': 3.2.0
      tslib: 2.6.2

  '@smithy/property-provider@3.1.2':
    dependencies:
      '@smithy/types': 3.2.0
      tslib: 2.6.2

  '@smithy/protocol-http@1.2.0':
    dependencies:
      '@smithy/types': 1.2.0
      tslib: 2.6.2

  '@smithy/protocol-http@4.0.2':
    dependencies:
      '@smithy/types': 3.2.0
      tslib: 2.6.2

  '@smithy/querystring-builder@3.0.2':
    dependencies:
      '@smithy/types': 3.2.0
      '@smithy/util-uri-escape': 3.0.0
      tslib: 2.6.2

  '@smithy/querystring-parser@3.0.2':
    dependencies:
      '@smithy/types': 3.2.0
      tslib: 2.6.2

  '@smithy/service-error-classification@3.0.2':
    dependencies:
      '@smithy/types': 3.2.0

  '@smithy/shared-ini-file-loader@3.1.2':
    dependencies:
      '@smithy/types': 3.2.0
      tslib: 2.6.2

  '@smithy/signature-v4@1.1.0':
    dependencies:
      '@smithy/eventstream-codec': 1.1.0
      '@smithy/is-array-buffer': 1.1.0
      '@smithy/types': 1.2.0
      '@smithy/util-hex-encoding': 1.1.0
      '@smithy/util-middleware': 1.1.0
      '@smithy/util-uri-escape': 1.1.0
      '@smithy/util-utf8': 1.1.0
      tslib: 2.6.2

  '@smithy/signature-v4@3.1.1':
    dependencies:
      '@smithy/is-array-buffer': 3.0.0
      '@smithy/types': 3.2.0
      '@smithy/util-hex-encoding': 3.0.0
      '@smithy/util-middleware': 3.0.2
      '@smithy/util-uri-escape': 3.0.0
      '@smithy/util-utf8': 3.0.0
      tslib: 2.6.2

  '@smithy/smithy-client@3.1.4':
    dependencies:
      '@smithy/middleware-endpoint': 3.0.3
      '@smithy/middleware-stack': 3.0.2
      '@smithy/protocol-http': 4.0.2
      '@smithy/types': 3.2.0
      '@smithy/util-stream': 3.0.4
      tslib: 2.6.2

  '@smithy/types@1.2.0':
    dependencies:
      tslib: 2.6.2

  '@smithy/types@3.2.0':
    dependencies:
      tslib: 2.6.2

  '@smithy/url-parser@3.0.2':
    dependencies:
      '@smithy/querystring-parser': 3.0.2
      '@smithy/types': 3.2.0
      tslib: 2.6.2

  '@smithy/util-base64@3.0.0':
    dependencies:
      '@smithy/util-buffer-from': 3.0.0
      '@smithy/util-utf8': 3.0.0
      tslib: 2.6.2

  '@smithy/util-body-length-browser@3.0.0':
    dependencies:
      tslib: 2.6.2

  '@smithy/util-body-length-node@3.0.0':
    dependencies:
      tslib: 2.6.2

  '@smithy/util-buffer-from@1.1.0':
    dependencies:
      '@smithy/is-array-buffer': 1.1.0
      tslib: 2.6.2

  '@smithy/util-buffer-from@2.2.0':
    dependencies:
      '@smithy/is-array-buffer': 2.2.0
      tslib: 2.6.2

  '@smithy/util-buffer-from@3.0.0':
    dependencies:
      '@smithy/is-array-buffer': 3.0.0
      tslib: 2.6.2

  '@smithy/util-config-provider@3.0.0':
    dependencies:
      tslib: 2.6.2

  '@smithy/util-defaults-mode-browser@3.0.6':
    dependencies:
      '@smithy/property-provider': 3.1.2
      '@smithy/smithy-client': 3.1.4
      '@smithy/types': 3.2.0
      bowser: 2.11.0
      tslib: 2.6.2

  '@smithy/util-defaults-mode-node@3.0.6':
    dependencies:
      '@smithy/config-resolver': 3.0.3
      '@smithy/credential-provider-imds': 3.1.2
      '@smithy/node-config-provider': 3.1.2
      '@smithy/property-provider': 3.1.2
      '@smithy/smithy-client': 3.1.4
      '@smithy/types': 3.2.0
      tslib: 2.6.2

  '@smithy/util-endpoints@2.0.3':
    dependencies:
      '@smithy/node-config-provider': 3.1.2
      '@smithy/types': 3.2.0
      tslib: 2.6.2

  '@smithy/util-hex-encoding@1.1.0':
    dependencies:
      tslib: 2.6.2

  '@smithy/util-hex-encoding@3.0.0':
    dependencies:
      tslib: 2.6.2

  '@smithy/util-middleware@1.1.0':
    dependencies:
      tslib: 2.6.2

  '@smithy/util-middleware@3.0.2':
    dependencies:
      '@smithy/types': 3.2.0
      tslib: 2.6.2

  '@smithy/util-retry@3.0.2':
    dependencies:
      '@smithy/service-error-classification': 3.0.2
      '@smithy/types': 3.2.0
      tslib: 2.6.2

  '@smithy/util-stream@3.0.4':
    dependencies:
      '@smithy/fetch-http-handler': 3.1.0
      '@smithy/node-http-handler': 3.1.0
      '@smithy/types': 3.2.0
      '@smithy/util-base64': 3.0.0
      '@smithy/util-buffer-from': 3.0.0
      '@smithy/util-hex-encoding': 3.0.0
      '@smithy/util-utf8': 3.0.0
      tslib: 2.6.2

  '@smithy/util-uri-escape@1.1.0':
    dependencies:
      tslib: 2.6.2

  '@smithy/util-uri-escape@3.0.0':
    dependencies:
      tslib: 2.6.2

  '@smithy/util-utf8@1.1.0':
    dependencies:
      '@smithy/util-buffer-from': 1.1.0
      tslib: 2.6.2

  '@smithy/util-utf8@2.3.0':
    dependencies:
      '@smithy/util-buffer-from': 2.2.0
      tslib: 2.6.2

  '@smithy/util-utf8@3.0.0':
    dependencies:
      '@smithy/util-buffer-from': 3.0.0
      tslib: 2.6.2

  ansi-regex@5.0.1: {}

  ansi-styles@4.3.0:
    dependencies:
      color-convert: 2.0.1

  asynckit@0.4.0: {}

  axios@1.7.2:
    dependencies:
      follow-redirects: 1.15.6
      form-data: 4.0.0
      proxy-from-env: 1.1.0
    transitivePeerDependencies:
      - debug

  bowser@2.11.0: {}

  chalk@4.1.2:
    dependencies:
      ansi-styles: 4.3.0
      supports-color: 7.2.0

  cliui@8.0.1:
    dependencies:
      string-width: 4.2.3
      strip-ansi: 6.0.1
      wrap-ansi: 7.0.0

  color-convert@2.0.1:
    dependencies:
      color-name: 1.1.4

  color-name@1.1.4: {}

  combined-stream@1.0.8:
    dependencies:
      delayed-stream: 1.0.0

  concurrently@8.2.2:
    dependencies:
      chalk: 4.1.2
      date-fns: 2.30.0
      lodash: 4.17.21
      rxjs: 7.8.1
      shell-quote: 1.8.1
      spawn-command: 0.0.2
      supports-color: 8.1.1
      tree-kill: 1.2.2
      yargs: 17.7.2

  date-fns@2.30.0:
    dependencies:
      '@babel/runtime': 7.24.4

  delayed-stream@1.0.0: {}

  emoji-regex@8.0.0: {}

  escalade@3.1.2: {}

  fast-xml-parser@4.2.5:
    dependencies:
      strnum: 1.0.5

  follow-redirects@1.15.6: {}

  form-data@4.0.0:
    dependencies:
      asynckit: 0.4.0
      combined-stream: 1.0.8
      mime-types: 2.1.35

  get-caller-file@2.0.5: {}

  has-flag@4.0.0: {}

  is-fullwidth-code-point@3.0.0: {}

  lodash@4.17.21: {}

  mime-db@1.52.0: {}

  mime-types@2.1.35:
    dependencies:
      mime-db: 1.52.0

  prettier@3.3.2: {}

  proxy-from-env@1.1.0: {}

  regenerator-runtime@0.14.1: {}

  require-directory@2.1.1: {}

  rxjs@7.8.1:
    dependencies:
      tslib: 2.6.2

  shell-quote@1.8.1: {}

  spawn-command@0.0.2: {}

  string-width@4.2.3:
    dependencies:
      emoji-regex: 8.0.0
      is-fullwidth-code-point: 3.0.0
      strip-ansi: 6.0.1

  strip-ansi@6.0.1:
    dependencies:
      ansi-regex: 5.0.1

  strnum@1.0.5: {}

  supports-color@7.2.0:
    dependencies:
      has-flag: 4.0.0

  supports-color@8.1.1:
    dependencies:
      has-flag: 4.0.0

  tree-kill@1.2.2: {}

  tslib@1.14.1: {}

  tslib@2.6.2: {}

  uuid@9.0.1: {}

  wrap-ansi@7.0.0:
    dependencies:
      ansi-styles: 4.3.0
      string-width: 4.2.3
      strip-ansi: 6.0.1

  y18n@5.0.8: {}

  yargs-parser@21.1.1: {}

  yargs@17.7.2:
    dependencies:
      cliui: 8.0.1
      escalade: 3.1.2
      get-caller-file: 2.0.5
      require-directory: 2.1.1
      string-width: 4.2.3
      y18n: 5.0.8
      yargs-parser: 21.1.1
